
Microsoft Visual Studio Solution File, Format Version 12.00
# Visual Studio 15
VisualStudioVersion = 15.0.26730.15
MinimumVisualStudioVersion = 10.0.40219.1
Project("{FAE04EC0-301F-11D3-BF4B-00C04F79EFBC}") = "AdapterPattern", "AdapterPattern\AdapterPattern.csproj", "{B3E33F4B-863C-4079-BA54-E645EB10D3C8}"
EndProject
Global
	GlobalSection(SolutionConfigurationPlatforms) = preSolution
		Debug|Any CPU = Debug|Any CPU
		Release|Any CPU = Release|Any CPU
	EndGlobalSection
	GlobalSection(ProjectConfigurationPlatforms) = postSolution
		{B3E33F4B-863C-4079-BA54-E645EB10D3C8}.Debug|Any CPU.ActiveCfg = Debug|Any CPU
		{B3E33F4B-863C-4079-BA54-E645EB10D3C8}.Debug|Any CPU.Build.0 = Debug|Any CPU
		{B3E33F4B-863C-4079-BA54-E645EB10D3C8}.Release|Any CPU.ActiveCfg = Release|Any CPU
		{B3E33F4B-863C-4079-BA54-E645EB10D3C8}.Release|Any CPU.Build.0 = Release|Any CPU
	EndGlobalSection
	GlobalSection(SolutionProperties) = preSolution
		HideSolutionNode = FALSE
	EndGlobalSection
	GlobalSection(ExtensibilityGlobals) = postSolution
		SolutionGuid = {E5F56329-D9FC-4273-B823-A4DF3993FD60}
	EndGlobalSection
EndGlobal
